// !$*UTF8*$!
{
	archiveVersion = 1;
	classes = {
	};
	objectVersion = 56;
	objects = {

/* Begin PBXBuildFile section */
		311F8FC72967FD2D00278E8F /* OnboardingDataModel.swift in Sources */ = {isa = PBXBuildFile; fileRef = 311F8FC62967FD2D00278E8F /* OnboardingDataModel.swift */; };
		311F8FCA2967FD9C00278E8F /* OnboardingCollectionViewCell.swift in Sources */ = {isa = PBXBuildFile; fileRef = 311F8FC92967FD9C00278E8F /* OnboardingCollectionViewCell.swift */; };
		315AC8872966D4FF0005CCF2 /* String+.swift in Sources */ = {isa = PBXBuildFile; fileRef = 315AC8862966D4FF0005CCF2 /* String+.swift */; };
		317DD55B296AEBA0002C5B79 /* onboarding1_1x.json in Resources */ = {isa = PBXBuildFile; fileRef = 317DD558296AEB9F002C5B79 /* onboarding1_1x.json */; };
		317DD55D296AEBA0002C5B79 /* onboarding3_1x.json in Resources */ = {isa = PBXBuildFile; fileRef = 317DD55A296AEBA0002C5B79 /* onboarding3_1x.json */; };
		317DD564296AEBB7002C5B79 /* snail_green_sticker1.png in Resources */ = {isa = PBXBuildFile; fileRef = 317DD560296AEBB7002C5B79 /* snail_green_sticker1.png */; };
		317DD565296AEBB7002C5B79 /* snail_orange_cheer.png in Resources */ = {isa = PBXBuildFile; fileRef = 317DD561296AEBB7002C5B79 /* snail_orange_cheer.png */; };
		317DD566296AEBB7002C5B79 /* snail_green_cheer.png in Resources */ = {isa = PBXBuildFile; fileRef = 317DD562296AEBB7002C5B79 /* snail_green_cheer.png */; };
		31A0C82A29715A1400BE6A9A /* onboarding2_1x.json in Resources */ = {isa = PBXBuildFile; fileRef = 31A0C82929715A1300BE6A9A /* onboarding2_1x.json */; };
		31A0C82C29715AD100BE6A9A /* card.png in Resources */ = {isa = PBXBuildFile; fileRef = 31A0C82B29715AD100BE6A9A /* card.png */; };
		31A0C82E29715B5000BE6A9A /* plus.png in Resources */ = {isa = PBXBuildFile; fileRef = 31A0C82D29715B5000BE6A9A /* plus.png */; };
		C358CBBA29B235AF009E4060 /* MyPageViewController.swift in Sources */ = {isa = PBXBuildFile; fileRef = C358CBB929B235AF009E4060 /* MyPageViewController.swift */; };
		C358CBBC29B2EAEF009E4060 /* LogoutAlertView.swift in Sources */ = {isa = PBXBuildFile; fileRef = C358CBBB29B2EAEF009E4060 /* LogoutAlertView.swift */; };
		C358CBC329B4FFFC009E4060 /* WithdrawalView.swift in Sources */ = {isa = PBXBuildFile; fileRef = C358CBC229B4FFFC009E4060 /* WithdrawalView.swift */; };
		C358CBC529B50805009E4060 /* WithdrawalAlertView.swift in Sources */ = {isa = PBXBuildFile; fileRef = C358CBC429B50805009E4060 /* WithdrawalAlertView.swift */; };
		C358CBC729B5A504009E4060 /* CheckBoxButton.swift in Sources */ = {isa = PBXBuildFile; fileRef = C358CBC629B5A504009E4060 /* CheckBoxButton.swift */; };
		C3D7DD3929A9024D0093248C /* AccountInfoView.swift in Sources */ = {isa = PBXBuildFile; fileRef = C3D7DD3829A9024D0093248C /* AccountInfoView.swift */; };
		C3D7DD3D29B1DE900093248C /* Config.xcconfig in Resources */ = {isa = PBXBuildFile; fileRef = D6F5BB3D29680DE800C722AA /* Config.xcconfig */; };
		D63110AC29628F1B00E7D52D /* SplashView.swift in Sources */ = {isa = PBXBuildFile; fileRef = D63110AB29628F1B00E7D52D /* SplashView.swift */; };
		D63D64092966C77A00EC1BB7 /* HeaderView.swift in Sources */ = {isa = PBXBuildFile; fileRef = D63D64082966C77A00EC1BB7 /* HeaderView.swift */; };
		D643DFD82963E39F000296D3 /* GoalDetailStampModel.swift in Sources */ = {isa = PBXBuildFile; fileRef = D643DFD72963E39F000296D3 /* GoalDetailStampModel.swift */; };
		D64DCBA229650F020046C719 /* GoalDetailCollectionView.swift in Sources */ = {isa = PBXBuildFile; fileRef = D64DCBA129650F020046C719 /* GoalDetailCollectionView.swift */; };
		D65C62F62962DEF30085832C /* adjust+.swift in Sources */ = {isa = PBXBuildFile; fileRef = D65C62F52962DEF30085832C /* adjust+.swift */; };
		D67E6117296AAC3600CA8CEB /* Encodable+.swift in Sources */ = {isa = PBXBuildFile; fileRef = D67E6116296AAC3600CA8CEB /* Encodable+.swift */; };
		D69F23BB296316A80078FCF1 /* GoalDetailView.swift in Sources */ = {isa = PBXBuildFile; fileRef = D69F23BA296316A80078FCF1 /* GoalDetailView.swift */; };
		D69F23BD296317210078FCF1 /* GoalDetailCollectionViewCell.swift in Sources */ = {isa = PBXBuildFile; fileRef = D69F23BC296317210078FCF1 /* GoalDetailCollectionViewCell.swift */; };
		D69FA2C829617D890056A175 /* SplashViewController.swift in Sources */ = {isa = PBXBuildFile; fileRef = D69FA2C729617D890056A175 /* SplashViewController.swift */; };
		D6B4D2332965BB6700661083 /* BottomSheetView.swift in Sources */ = {isa = PBXBuildFile; fileRef = D6B4D2322965BB6700661083 /* BottomSheetView.swift */; };
		D6C505802969A7B900BE4543 /* SaveBottomSheetView.swift in Sources */ = {isa = PBXBuildFile; fileRef = D6C5057F2969A7B900BE4543 /* SaveBottomSheetView.swift */; };
		D6C505822969A7C600BE4543 /* DeleteBottomSheetView.swift in Sources */ = {isa = PBXBuildFile; fileRef = D6C505812969A7C600BE4543 /* DeleteBottomSheetView.swift */; };
		D6C7B3CF296183D7006877F3 /* SocialLoginButton.swift in Sources */ = {isa = PBXBuildFile; fileRef = D6C7B3CE296183D7006877F3 /* SocialLoginButton.swift */; };
		D6C7B3D02961DFC2006877F3 /* Pretendard-Bold.otf in Resources */ = {isa = PBXBuildFile; fileRef = DDDBC86E295EE52B00F65F23 /* Pretendard-Bold.otf */; };
		D6C7B3D12961DFC4006877F3 /* Pretendard-Regular.otf in Resources */ = {isa = PBXBuildFile; fileRef = DDDBC86F295EE52B00F65F23 /* Pretendard-Regular.otf */; };
		D6E74E51296FEF8A00F278EC /* RootViewControllerSwitcher.swift in Sources */ = {isa = PBXBuildFile; fileRef = D6E74E50296FEF8A00F278EC /* RootViewControllerSwitcher.swift */; };
		D6F0233C29632EF700524000 /* GoalStatsView.swift in Sources */ = {isa = PBXBuildFile; fileRef = D6F0233B29632EF700524000 /* GoalStatsView.swift */; };
		D6F427B12967CA2E00065A24 /* UILabel+.swift in Sources */ = {isa = PBXBuildFile; fileRef = D6F427B02967CA2E00065A24 /* UILabel+.swift */; };
		DD38AD6D295B02B70084FA70 /* AppDelegate.swift in Sources */ = {isa = PBXBuildFile; fileRef = DD38AD6C295B02B70084FA70 /* AppDelegate.swift */; };
		DD38AD6F295B02B70084FA70 /* SceneDelegate.swift in Sources */ = {isa = PBXBuildFile; fileRef = DD38AD6E295B02B70084FA70 /* SceneDelegate.swift */; };
		DD38AD76295B02B80084FA70 /* Assets.xcassets in Resources */ = {isa = PBXBuildFile; fileRef = DD38AD75295B02B80084FA70 /* Assets.xcassets */; };
		DD38AD79295B02B80084FA70 /* LaunchScreen.storyboard in Resources */ = {isa = PBXBuildFile; fileRef = DD38AD77295B02B80084FA70 /* LaunchScreen.storyboard */; };
		DD526893296ABBCE005C8376 /* BaseTargetType.swift in Sources */ = {isa = PBXBuildFile; fileRef = DD526892296ABBCE005C8376 /* BaseTargetType.swift */; };
		DD5F29FD296C391000CAEB2D /* StoreCollectionViewCell.swift in Sources */ = {isa = PBXBuildFile; fileRef = DD5F29FC296C391000CAEB2D /* StoreCollectionViewCell.swift */; };
		DD5F29FF296C39D400CAEB2D /* StoreCollectionView.swift in Sources */ = {isa = PBXBuildFile; fileRef = DD5F29FE296C39D400CAEB2D /* StoreCollectionView.swift */; };
		DD623418296E65FF008A35CD /* HomeGoalAddCollectionViewCell.swift in Sources */ = {isa = PBXBuildFile; fileRef = DD623417296E65FF008A35CD /* HomeGoalAddCollectionViewCell.swift */; };
		DD64902E2968C53900A73CF4 /* HomeExistView.swift in Sources */ = {isa = PBXBuildFile; fileRef = DD64902D2968C53900A73CF4 /* HomeExistView.swift */; };
		DD849AFE295E758A0030AF2F /* StoreGoalRequest.swift in Sources */ = {isa = PBXBuildFile; fileRef = DD849AFD295E758A0030AF2F /* StoreGoalRequest.swift */; };
		DD849B00295E759E0030AF2F /* StoreGoalResponse.swift in Sources */ = {isa = PBXBuildFile; fileRef = DD849AFF295E759E0030AF2F /* StoreGoalResponse.swift */; };
		DD849B03295E75D80030AF2F /* StoreGoalRouter.swift in Sources */ = {isa = PBXBuildFile; fileRef = DD849B02295E75D80030AF2F /* StoreGoalRouter.swift */; };
		DD849B05295E760C0030AF2F /* StoreGoalService.swift in Sources */ = {isa = PBXBuildFile; fileRef = DD849B04295E760C0030AF2F /* StoreGoalService.swift */; };
		DD849B08295E763F0030AF2F /* StoreGoalViewController.swift in Sources */ = {isa = PBXBuildFile; fileRef = DD849B07295E763F0030AF2F /* StoreGoalViewController.swift */; };
		DD849B0A295E77590030AF2F /* UIView+.swift in Sources */ = {isa = PBXBuildFile; fileRef = DD849B09295E77590030AF2F /* UIView+.swift */; };
		DD849B0C295E7BAE0030AF2F /* BaseNavigationController.swift in Sources */ = {isa = PBXBuildFile; fileRef = DD849B0B295E7BAE0030AF2F /* BaseNavigationController.swift */; };
		DD849B0E295E7E0F0030AF2F /* MoyaLoggingPlugin.swift in Sources */ = {isa = PBXBuildFile; fileRef = DD849B0D295E7E0F0030AF2F /* MoyaLoggingPlugin.swift */; };
		DD849B10295E800C0030AF2F /* NetworkBase.swift in Sources */ = {isa = PBXBuildFile; fileRef = DD849B0F295E800C0030AF2F /* NetworkBase.swift */; };
		DD849B12295E80630030AF2F /* NetworkConstant.swift in Sources */ = {isa = PBXBuildFile; fileRef = DD849B11295E80630030AF2F /* NetworkConstant.swift */; };
		DD9E4326297144A90058A715 /* homeSnail.json in Resources */ = {isa = PBXBuildFile; fileRef = DD9E4325297144A90058A715 /* homeSnail.json */; };
		DDA7B71029672B14001950A2 /* HomeView.swift in Sources */ = {isa = PBXBuildFile; fileRef = DDA7B70F29672B14001950A2 /* HomeView.swift */; };
		DDA7B71229673F76001950A2 /* HomeEmptyView.swift in Sources */ = {isa = PBXBuildFile; fileRef = DDA7B71129673F76001950A2 /* HomeEmptyView.swift */; };
		DDA7B7142967413F001950A2 /* HomeBaseView.swift in Sources */ = {isa = PBXBuildFile; fileRef = DDA7B7132967413F001950A2 /* HomeBaseView.swift */; };
		DDA7B71C29685E67001950A2 /* HomeGoalCollectionViewCell.swift in Sources */ = {isa = PBXBuildFile; fileRef = DDA7B71B29685E67001950A2 /* HomeGoalCollectionViewCell.swift */; };
		DDA7B71E29686D83001950A2 /* NSMutableAttributedString+.swift in Sources */ = {isa = PBXBuildFile; fileRef = DDA7B71D29686D83001950A2 /* NSMutableAttributedString+.swift */; };
		DDA7B72029687B91001950A2 /* HomeAchieveButton.swift in Sources */ = {isa = PBXBuildFile; fileRef = DDA7B71F29687B91001950A2 /* HomeAchieveButton.swift */; };
		DDA7B72229689333001950A2 /* HomeGoalCollectionView.swift in Sources */ = {isa = PBXBuildFile; fileRef = DDA7B72129689333001950A2 /* HomeGoalCollectionView.swift */; };
		DDB02FCB296D19CC00D1E7AB /* HomeNewGoalTypeView.swift in Sources */ = {isa = PBXBuildFile; fileRef = DDB02FCA296D19CC00D1E7AB /* HomeNewGoalTypeView.swift */; };
		DDB02FCD296DA5DD00D1E7AB /* HomeBottomSheetView.swift in Sources */ = {isa = PBXBuildFile; fileRef = DDB02FCC296DA5DD00D1E7AB /* HomeBottomSheetView.swift */; };
		DDC8FABA29705C6D00D10E2F /* homeBackground.json in Resources */ = {isa = PBXBuildFile; fileRef = DDC8FAB929705C6D00D10E2F /* homeBackground.json */; };
		DDDBC876296045A200F65F23 /* Const.swift in Sources */ = {isa = PBXBuildFile; fileRef = DDDBC875296045A200F65F23 /* Const.swift */; };
		DDDBC878296045AA00F65F23 /* String.swift in Sources */ = {isa = PBXBuildFile; fileRef = DDDBC877296045AA00F65F23 /* String.swift */; };
		DDDBC88029618A7D00F65F23 /* .swiftlint.yml in Resources */ = {isa = PBXBuildFile; fileRef = DDDBC87F29618A7D00F65F23 /* .swiftlint.yml */; };
		DDDBC88529618FDA00F65F23 /* HomeCheerView.swift in Sources */ = {isa = PBXBuildFile; fileRef = DDDBC88429618FDA00F65F23 /* HomeCheerView.swift */; };
		DDE12F8C295B0B7E008CF91B /* Colors.xcassets in Resources */ = {isa = PBXBuildFile; fileRef = DDE12F8B295B0B7E008CF91B /* Colors.xcassets */; };
		DDE12F93295B0BED008CF91B /* Image.swift in Sources */ = {isa = PBXBuildFile; fileRef = DDE12F92295B0BED008CF91B /* Image.swift */; };
		DDE12F95295B0BF6008CF91B /* Color.swift in Sources */ = {isa = PBXBuildFile; fileRef = DDE12F94295B0BF6008CF91B /* Color.swift */; };
		DDE12F97295B0BFE008CF91B /* Font.swift in Sources */ = {isa = PBXBuildFile; fileRef = DDE12F96295B0BFE008CF91B /* Font.swift */; };
		DDE12F99295B0C24008CF91B /* UIViewController+.swift in Sources */ = {isa = PBXBuildFile; fileRef = DDE12F98295B0C24008CF91B /* UIViewController+.swift */; };
		DDE12F9B295B0CAA008CF91B /* KeychainHandler.swift in Sources */ = {isa = PBXBuildFile; fileRef = DDE12F9A295B0CAA008CF91B /* KeychainHandler.swift */; };
		DDE12F9E295B0CFB008CF91B /* BaseViewController.swift in Sources */ = {isa = PBXBuildFile; fileRef = DDE12F9D295B0CFB008CF91B /* BaseViewController.swift */; };
		DDE12FA1295B0D88008CF91B /* OnboardingViewController.swift in Sources */ = {isa = PBXBuildFile; fileRef = DDE12FA0295B0D88008CF91B /* OnboardingViewController.swift */; };
		DDE12FA4295B0E2A008CF91B /* LoginViewController.swift in Sources */ = {isa = PBXBuildFile; fileRef = DDE12FA3295B0E2A008CF91B /* LoginViewController.swift */; };
		DDE12FA7295B0E55008CF91B /* HomeViewController.swift in Sources */ = {isa = PBXBuildFile; fileRef = DDE12FA6295B0E55008CF91B /* HomeViewController.swift */; };
		DDE12FAC295B0FDB008CF91B /* GoalDetailViewController.swift in Sources */ = {isa = PBXBuildFile; fileRef = DDE12FAB295B0FDB008CF91B /* GoalDetailViewController.swift */; };
		DDE12FAF295B1011008CF91B /* NewGoalViewController.swift in Sources */ = {isa = PBXBuildFile; fileRef = DDE12FAE295B1011008CF91B /* NewGoalViewController.swift */; };
		DDE12FB1295B110C008CF91B /* URLConstant.swift in Sources */ = {isa = PBXBuildFile; fileRef = DDE12FB0295B110C008CF91B /* URLConstant.swift */; };
		DDE12FB3295B1114008CF91B /* GeneralResponse.swift in Sources */ = {isa = PBXBuildFile; fileRef = DDE12FB2295B1114008CF91B /* GeneralResponse.swift */; };
		DDE12FB5295B111D008CF91B /* NetworkResult.swift in Sources */ = {isa = PBXBuildFile; fileRef = DDE12FB4295B111D008CF91B /* NetworkResult.swift */; };
		DDE12FBB295B11BC008CF91B /* LoginRouter.swift in Sources */ = {isa = PBXBuildFile; fileRef = DDE12FBA295B11BC008CF91B /* LoginRouter.swift */; };
		DDE12FBD295B11E8008CF91B /* HomeRouter.swift in Sources */ = {isa = PBXBuildFile; fileRef = DDE12FBC295B11E8008CF91B /* HomeRouter.swift */; };
		DDE12FC1295B1212008CF91B /* GoalDetailRouter.swift in Sources */ = {isa = PBXBuildFile; fileRef = DDE12FC0295B1212008CF91B /* GoalDetailRouter.swift */; };
		DDE12FC3295B121B008CF91B /* NewGoalRouter.swift in Sources */ = {isa = PBXBuildFile; fileRef = DDE12FC2295B121B008CF91B /* NewGoalRouter.swift */; };
		DDE12FC5295B122A008CF91B /* LoginService.swift in Sources */ = {isa = PBXBuildFile; fileRef = DDE12FC4295B122A008CF91B /* LoginService.swift */; };
		DDE12FC7295B1232008CF91B /* HomeService.swift in Sources */ = {isa = PBXBuildFile; fileRef = DDE12FC6295B1232008CF91B /* HomeService.swift */; };
		DDE12FC9295B123B008CF91B /* GoalDetailService.swift in Sources */ = {isa = PBXBuildFile; fileRef = DDE12FC8295B123B008CF91B /* GoalDetailService.swift */; };
		DDE12FCB295B1244008CF91B /* NewGoalService.swift in Sources */ = {isa = PBXBuildFile; fileRef = DDE12FCA295B1244008CF91B /* NewGoalService.swift */; };
		DDE12FD1295B1325008CF91B /* LoginRequest.swift in Sources */ = {isa = PBXBuildFile; fileRef = DDE12FD0295B1325008CF91B /* LoginRequest.swift */; };
		DDE12FD3295B132C008CF91B /* HomeRequest.swift in Sources */ = {isa = PBXBuildFile; fileRef = DDE12FD2295B132C008CF91B /* HomeRequest.swift */; };
		DDE12FD5295B1334008CF91B /* GoalDetailRequest.swift in Sources */ = {isa = PBXBuildFile; fileRef = DDE12FD4295B1334008CF91B /* GoalDetailRequest.swift */; };
		DDE12FD7295B1347008CF91B /* NewGoalRequest.swift in Sources */ = {isa = PBXBuildFile; fileRef = DDE12FD6295B1347008CF91B /* NewGoalRequest.swift */; };
		DDE12FD9295B1357008CF91B /* LoginResponse.swift in Sources */ = {isa = PBXBuildFile; fileRef = DDE12FD8295B1357008CF91B /* LoginResponse.swift */; };
		DDE12FDB295B136C008CF91B /* HomeResponse.swift in Sources */ = {isa = PBXBuildFile; fileRef = DDE12FDA295B136C008CF91B /* HomeResponse.swift */; };
		DDE12FDD295B137E008CF91B /* GoalDetailResponse.swift in Sources */ = {isa = PBXBuildFile; fileRef = DDE12FDC295B137E008CF91B /* GoalDetailResponse.swift */; };
		DDE12FDF295B1389008CF91B /* NewGoalResponse.swift in Sources */ = {isa = PBXBuildFile; fileRef = DDE12FDE295B1389008CF91B /* NewGoalResponse.swift */; };
		DDE12FE2295B145A008CF91B /* KakaoSDKAuth in Frameworks */ = {isa = PBXBuildFile; productRef = DDE12FE1295B145A008CF91B /* KakaoSDKAuth */; };
		DDE12FE4295B145A008CF91B /* KakaoSDKUser in Frameworks */ = {isa = PBXBuildFile; productRef = DDE12FE3295B145A008CF91B /* KakaoSDKUser */; };
		DDE12FE7295B1485008CF91B /* SnapKit in Frameworks */ = {isa = PBXBuildFile; productRef = DDE12FE6295B1485008CF91B /* SnapKit */; };
		DDE12FEA295B14AE008CF91B /* Then in Frameworks */ = {isa = PBXBuildFile; productRef = DDE12FE9295B14AE008CF91B /* Then */; };
		DDE12FED295B14FB008CF91B /* Moya in Frameworks */ = {isa = PBXBuildFile; productRef = DDE12FEC295B14FB008CF91B /* Moya */; };
		DDE12FF0295B15AC008CF91B /* Lottie in Frameworks */ = {isa = PBXBuildFile; productRef = DDE12FEF295B15AC008CF91B /* Lottie */; };
		DDE8D3882969FF3800331E3C /* StoreGoalView.swift in Sources */ = {isa = PBXBuildFile; fileRef = DDE8D3872969FF3800331E3C /* StoreGoalView.swift */; };
		DDE8D38C296A0C3800331E3C /* StoreFilterButton.swift in Sources */ = {isa = PBXBuildFile; fileRef = DDE8D38B296A0C3800331E3C /* StoreFilterButton.swift */; };
/* End PBXBuildFile section */

/* Begin PBXFileReference section */
		311F8FC62967FD2D00278E8F /* OnboardingDataModel.swift */ = {isa = PBXFileReference; lastKnownFileType = sourcecode.swift; path = OnboardingDataModel.swift; sourceTree = "<group>"; };
		311F8FC92967FD9C00278E8F /* OnboardingCollectionViewCell.swift */ = {isa = PBXFileReference; lastKnownFileType = sourcecode.swift; path = OnboardingCollectionViewCell.swift; sourceTree = "<group>"; };
		315AC8862966D4FF0005CCF2 /* String+.swift */ = {isa = PBXFileReference; lastKnownFileType = sourcecode.swift; path = "String+.swift"; sourceTree = "<group>"; };
		317DD558296AEB9F002C5B79 /* onboarding1_1x.json */ = {isa = PBXFileReference; fileEncoding = 4; lastKnownFileType = text.json; path = onboarding1_1x.json; sourceTree = "<group>"; };
		317DD55A296AEBA0002C5B79 /* onboarding3_1x.json */ = {isa = PBXFileReference; fileEncoding = 4; lastKnownFileType = text.json; path = onboarding3_1x.json; sourceTree = "<group>"; };
		317DD560296AEBB7002C5B79 /* snail_green_sticker1.png */ = {isa = PBXFileReference; lastKnownFileType = image.png; path = snail_green_sticker1.png; sourceTree = "<group>"; };
		317DD561296AEBB7002C5B79 /* snail_orange_cheer.png */ = {isa = PBXFileReference; lastKnownFileType = image.png; path = snail_orange_cheer.png; sourceTree = "<group>"; };
		317DD562296AEBB7002C5B79 /* snail_green_cheer.png */ = {isa = PBXFileReference; lastKnownFileType = image.png; path = snail_green_cheer.png; sourceTree = "<group>"; };
		31A0C82929715A1300BE6A9A /* onboarding2_1x.json */ = {isa = PBXFileReference; fileEncoding = 4; lastKnownFileType = text.json; path = onboarding2_1x.json; sourceTree = "<group>"; };
		31A0C82B29715AD100BE6A9A /* card.png */ = {isa = PBXFileReference; lastKnownFileType = image.png; path = card.png; sourceTree = "<group>"; };
		31A0C82D29715B5000BE6A9A /* plus.png */ = {isa = PBXFileReference; lastKnownFileType = image.png; path = plus.png; sourceTree = "<group>"; };
		C358CBB929B235AF009E4060 /* MyPageViewController.swift */ = {isa = PBXFileReference; lastKnownFileType = sourcecode.swift; path = MyPageViewController.swift; sourceTree = "<group>"; };
		C358CBBB29B2EAEF009E4060 /* LogoutAlertView.swift */ = {isa = PBXFileReference; lastKnownFileType = sourcecode.swift; path = LogoutAlertView.swift; sourceTree = "<group>"; };
		C358CBC229B4FFFC009E4060 /* WithdrawalView.swift */ = {isa = PBXFileReference; lastKnownFileType = sourcecode.swift; path = WithdrawalView.swift; sourceTree = "<group>"; };
		C358CBC429B50805009E4060 /* WithdrawalAlertView.swift */ = {isa = PBXFileReference; lastKnownFileType = sourcecode.swift; path = WithdrawalAlertView.swift; sourceTree = "<group>"; };
		C358CBC629B5A504009E4060 /* CheckBoxButton.swift */ = {isa = PBXFileReference; lastKnownFileType = sourcecode.swift; path = CheckBoxButton.swift; sourceTree = "<group>"; };
		C3D7DD3829A9024D0093248C /* AccountInfoView.swift */ = {isa = PBXFileReference; lastKnownFileType = sourcecode.swift; path = AccountInfoView.swift; sourceTree = "<group>"; };
		D63110AB29628F1B00E7D52D /* SplashView.swift */ = {isa = PBXFileReference; lastKnownFileType = sourcecode.swift; path = SplashView.swift; sourceTree = "<group>"; };
		D63D64082966C77A00EC1BB7 /* HeaderView.swift */ = {isa = PBXFileReference; lastKnownFileType = sourcecode.swift; path = HeaderView.swift; sourceTree = "<group>"; };
		D643DFD72963E39F000296D3 /* GoalDetailStampModel.swift */ = {isa = PBXFileReference; lastKnownFileType = sourcecode.swift; path = GoalDetailStampModel.swift; sourceTree = "<group>"; };
		D64DCBA129650F020046C719 /* GoalDetailCollectionView.swift */ = {isa = PBXFileReference; lastKnownFileType = sourcecode.swift; path = GoalDetailCollectionView.swift; sourceTree = "<group>"; };
		D65C62F52962DEF30085832C /* adjust+.swift */ = {isa = PBXFileReference; lastKnownFileType = sourcecode.swift; path = "adjust+.swift"; sourceTree = "<group>"; };
		D67E6116296AAC3600CA8CEB /* Encodable+.swift */ = {isa = PBXFileReference; lastKnownFileType = sourcecode.swift; path = "Encodable+.swift"; sourceTree = "<group>"; };
		D69F23BA296316A80078FCF1 /* GoalDetailView.swift */ = {isa = PBXFileReference; lastKnownFileType = sourcecode.swift; path = GoalDetailView.swift; sourceTree = "<group>"; };
		D69F23BC296317210078FCF1 /* GoalDetailCollectionViewCell.swift */ = {isa = PBXFileReference; lastKnownFileType = sourcecode.swift; path = GoalDetailCollectionViewCell.swift; sourceTree = "<group>"; };
		D69FA2C729617D890056A175 /* SplashViewController.swift */ = {isa = PBXFileReference; lastKnownFileType = sourcecode.swift; path = SplashViewController.swift; sourceTree = "<group>"; };
		D6B4D2322965BB6700661083 /* BottomSheetView.swift */ = {isa = PBXFileReference; lastKnownFileType = sourcecode.swift; path = BottomSheetView.swift; sourceTree = "<group>"; };
		D6C5057F2969A7B900BE4543 /* SaveBottomSheetView.swift */ = {isa = PBXFileReference; lastKnownFileType = sourcecode.swift; path = SaveBottomSheetView.swift; sourceTree = "<group>"; };
		D6C505812969A7C600BE4543 /* DeleteBottomSheetView.swift */ = {isa = PBXFileReference; lastKnownFileType = sourcecode.swift; path = DeleteBottomSheetView.swift; sourceTree = "<group>"; };
		D6C7B3CE296183D7006877F3 /* SocialLoginButton.swift */ = {isa = PBXFileReference; lastKnownFileType = sourcecode.swift; path = SocialLoginButton.swift; sourceTree = "<group>"; };
		D6E74E50296FEF8A00F278EC /* RootViewControllerSwitcher.swift */ = {isa = PBXFileReference; lastKnownFileType = sourcecode.swift; path = RootViewControllerSwitcher.swift; sourceTree = "<group>"; };
		D6F0233B29632EF700524000 /* GoalStatsView.swift */ = {isa = PBXFileReference; lastKnownFileType = sourcecode.swift; path = GoalStatsView.swift; sourceTree = "<group>"; };
		D6F427B02967CA2E00065A24 /* UILabel+.swift */ = {isa = PBXFileReference; lastKnownFileType = sourcecode.swift; path = "UILabel+.swift"; sourceTree = "<group>"; };
		D6F5BB3D29680DE800C722AA /* Config.xcconfig */ = {isa = PBXFileReference; lastKnownFileType = text.xcconfig; path = Config.xcconfig; sourceTree = "<group>"; };
		DD38AD69295B02B70084FA70 /* KeepGoEat-iOS.app */ = {isa = PBXFileReference; explicitFileType = wrapper.application; includeInIndex = 0; path = "KeepGoEat-iOS.app"; sourceTree = BUILT_PRODUCTS_DIR; };
		DD38AD6C295B02B70084FA70 /* AppDelegate.swift */ = {isa = PBXFileReference; lastKnownFileType = sourcecode.swift; path = AppDelegate.swift; sourceTree = "<group>"; };
		DD38AD6E295B02B70084FA70 /* SceneDelegate.swift */ = {isa = PBXFileReference; lastKnownFileType = sourcecode.swift; path = SceneDelegate.swift; sourceTree = "<group>"; };
		DD38AD75295B02B80084FA70 /* Assets.xcassets */ = {isa = PBXFileReference; lastKnownFileType = folder.assetcatalog; path = Assets.xcassets; sourceTree = "<group>"; };
		DD38AD78295B02B80084FA70 /* Base */ = {isa = PBXFileReference; lastKnownFileType = file.storyboard; name = Base; path = Base.lproj/LaunchScreen.storyboard; sourceTree = "<group>"; };
		DD38AD7A295B02B80084FA70 /* Info.plist */ = {isa = PBXFileReference; lastKnownFileType = text.plist.xml; path = Info.plist; sourceTree = "<group>"; };
		DD526892296ABBCE005C8376 /* BaseTargetType.swift */ = {isa = PBXFileReference; lastKnownFileType = sourcecode.swift; path = BaseTargetType.swift; sourceTree = "<group>"; };
		DD5F29FC296C391000CAEB2D /* StoreCollectionViewCell.swift */ = {isa = PBXFileReference; lastKnownFileType = sourcecode.swift; path = StoreCollectionViewCell.swift; sourceTree = "<group>"; };
		DD5F29FE296C39D400CAEB2D /* StoreCollectionView.swift */ = {isa = PBXFileReference; lastKnownFileType = sourcecode.swift; path = StoreCollectionView.swift; sourceTree = "<group>"; };
		DD623417296E65FF008A35CD /* HomeGoalAddCollectionViewCell.swift */ = {isa = PBXFileReference; lastKnownFileType = sourcecode.swift; path = HomeGoalAddCollectionViewCell.swift; sourceTree = "<group>"; };
		DD64902D2968C53900A73CF4 /* HomeExistView.swift */ = {isa = PBXFileReference; lastKnownFileType = sourcecode.swift; path = HomeExistView.swift; sourceTree = "<group>"; };
		DD849AFD295E758A0030AF2F /* StoreGoalRequest.swift */ = {isa = PBXFileReference; lastKnownFileType = sourcecode.swift; path = StoreGoalRequest.swift; sourceTree = "<group>"; };
		DD849AFF295E759E0030AF2F /* StoreGoalResponse.swift */ = {isa = PBXFileReference; lastKnownFileType = sourcecode.swift; path = StoreGoalResponse.swift; sourceTree = "<group>"; };
		DD849B02295E75D80030AF2F /* StoreGoalRouter.swift */ = {isa = PBXFileReference; lastKnownFileType = sourcecode.swift; path = StoreGoalRouter.swift; sourceTree = "<group>"; };
		DD849B04295E760C0030AF2F /* StoreGoalService.swift */ = {isa = PBXFileReference; lastKnownFileType = sourcecode.swift; path = StoreGoalService.swift; sourceTree = "<group>"; };
		DD849B07295E763F0030AF2F /* StoreGoalViewController.swift */ = {isa = PBXFileReference; lastKnownFileType = sourcecode.swift; path = StoreGoalViewController.swift; sourceTree = "<group>"; };
		DD849B09295E77590030AF2F /* UIView+.swift */ = {isa = PBXFileReference; lastKnownFileType = sourcecode.swift; path = "UIView+.swift"; sourceTree = "<group>"; };
		DD849B0B295E7BAE0030AF2F /* BaseNavigationController.swift */ = {isa = PBXFileReference; lastKnownFileType = sourcecode.swift; path = BaseNavigationController.swift; sourceTree = "<group>"; };
		DD849B0D295E7E0F0030AF2F /* MoyaLoggingPlugin.swift */ = {isa = PBXFileReference; lastKnownFileType = sourcecode.swift; path = MoyaLoggingPlugin.swift; sourceTree = "<group>"; };
		DD849B0F295E800C0030AF2F /* NetworkBase.swift */ = {isa = PBXFileReference; lastKnownFileType = sourcecode.swift; path = NetworkBase.swift; sourceTree = "<group>"; };
		DD849B11295E80630030AF2F /* NetworkConstant.swift */ = {isa = PBXFileReference; lastKnownFileType = sourcecode.swift; path = NetworkConstant.swift; sourceTree = "<group>"; };
		DD9E4325297144A90058A715 /* homeSnail.json */ = {isa = PBXFileReference; fileEncoding = 4; lastKnownFileType = text.json; path = homeSnail.json; sourceTree = "<group>"; };
		DDA7B70F29672B14001950A2 /* HomeView.swift */ = {isa = PBXFileReference; lastKnownFileType = sourcecode.swift; path = HomeView.swift; sourceTree = "<group>"; };
		DDA7B71129673F76001950A2 /* HomeEmptyView.swift */ = {isa = PBXFileReference; lastKnownFileType = sourcecode.swift; path = HomeEmptyView.swift; sourceTree = "<group>"; };
		DDA7B7132967413F001950A2 /* HomeBaseView.swift */ = {isa = PBXFileReference; lastKnownFileType = sourcecode.swift; path = HomeBaseView.swift; sourceTree = "<group>"; };
		DDA7B71B29685E67001950A2 /* HomeGoalCollectionViewCell.swift */ = {isa = PBXFileReference; lastKnownFileType = sourcecode.swift; path = HomeGoalCollectionViewCell.swift; sourceTree = "<group>"; };
		DDA7B71D29686D83001950A2 /* NSMutableAttributedString+.swift */ = {isa = PBXFileReference; lastKnownFileType = sourcecode.swift; path = "NSMutableAttributedString+.swift"; sourceTree = "<group>"; };
		DDA7B71F29687B91001950A2 /* HomeAchieveButton.swift */ = {isa = PBXFileReference; lastKnownFileType = sourcecode.swift; path = HomeAchieveButton.swift; sourceTree = "<group>"; };
		DDA7B72129689333001950A2 /* HomeGoalCollectionView.swift */ = {isa = PBXFileReference; lastKnownFileType = sourcecode.swift; path = HomeGoalCollectionView.swift; sourceTree = "<group>"; };
		DDB02FCA296D19CC00D1E7AB /* HomeNewGoalTypeView.swift */ = {isa = PBXFileReference; lastKnownFileType = sourcecode.swift; path = HomeNewGoalTypeView.swift; sourceTree = "<group>"; };
		DDB02FCC296DA5DD00D1E7AB /* HomeBottomSheetView.swift */ = {isa = PBXFileReference; lastKnownFileType = sourcecode.swift; path = HomeBottomSheetView.swift; sourceTree = "<group>"; };
		DDC8FAB929705C6D00D10E2F /* homeBackground.json */ = {isa = PBXFileReference; fileEncoding = 4; lastKnownFileType = text.json; path = homeBackground.json; sourceTree = "<group>"; };
		DDDBC86E295EE52B00F65F23 /* Pretendard-Bold.otf */ = {isa = PBXFileReference; lastKnownFileType = file; path = "Pretendard-Bold.otf"; sourceTree = "<group>"; };
		DDDBC86F295EE52B00F65F23 /* Pretendard-Regular.otf */ = {isa = PBXFileReference; lastKnownFileType = file; path = "Pretendard-Regular.otf"; sourceTree = "<group>"; };
		DDDBC875296045A200F65F23 /* Const.swift */ = {isa = PBXFileReference; lastKnownFileType = sourcecode.swift; path = Const.swift; sourceTree = "<group>"; };
		DDDBC877296045AA00F65F23 /* String.swift */ = {isa = PBXFileReference; lastKnownFileType = sourcecode.swift; path = String.swift; sourceTree = "<group>"; };
		DDDBC87F29618A7D00F65F23 /* .swiftlint.yml */ = {isa = PBXFileReference; lastKnownFileType = text.yaml; path = .swiftlint.yml; sourceTree = "<group>"; };
		DDDBC88429618FDA00F65F23 /* HomeCheerView.swift */ = {isa = PBXFileReference; lastKnownFileType = sourcecode.swift; path = HomeCheerView.swift; sourceTree = "<group>"; };
		DDE12F8B295B0B7E008CF91B /* Colors.xcassets */ = {isa = PBXFileReference; lastKnownFileType = folder.assetcatalog; path = Colors.xcassets; sourceTree = "<group>"; };
		DDE12F92295B0BED008CF91B /* Image.swift */ = {isa = PBXFileReference; lastKnownFileType = sourcecode.swift; path = Image.swift; sourceTree = "<group>"; };
		DDE12F94295B0BF6008CF91B /* Color.swift */ = {isa = PBXFileReference; lastKnownFileType = sourcecode.swift; path = Color.swift; sourceTree = "<group>"; };
		DDE12F96295B0BFE008CF91B /* Font.swift */ = {isa = PBXFileReference; lastKnownFileType = sourcecode.swift; path = Font.swift; sourceTree = "<group>"; };
		DDE12F98295B0C24008CF91B /* UIViewController+.swift */ = {isa = PBXFileReference; lastKnownFileType = sourcecode.swift; path = "UIViewController+.swift"; sourceTree = "<group>"; };
		DDE12F9A295B0CAA008CF91B /* KeychainHandler.swift */ = {isa = PBXFileReference; lastKnownFileType = sourcecode.swift; path = KeychainHandler.swift; sourceTree = "<group>"; };
		DDE12F9D295B0CFB008CF91B /* BaseViewController.swift */ = {isa = PBXFileReference; lastKnownFileType = sourcecode.swift; path = BaseViewController.swift; sourceTree = "<group>"; };
		DDE12FA0295B0D88008CF91B /* OnboardingViewController.swift */ = {isa = PBXFileReference; lastKnownFileType = sourcecode.swift; path = OnboardingViewController.swift; sourceTree = "<group>"; };
		DDE12FA3295B0E2A008CF91B /* LoginViewController.swift */ = {isa = PBXFileReference; lastKnownFileType = sourcecode.swift; path = LoginViewController.swift; sourceTree = "<group>"; };
		DDE12FA6295B0E55008CF91B /* HomeViewController.swift */ = {isa = PBXFileReference; lastKnownFileType = sourcecode.swift; path = HomeViewController.swift; sourceTree = "<group>"; };
		DDE12FAB295B0FDB008CF91B /* GoalDetailViewController.swift */ = {isa = PBXFileReference; lastKnownFileType = sourcecode.swift; path = GoalDetailViewController.swift; sourceTree = "<group>"; };
		DDE12FAE295B1011008CF91B /* NewGoalViewController.swift */ = {isa = PBXFileReference; lastKnownFileType = sourcecode.swift; path = NewGoalViewController.swift; sourceTree = "<group>"; };
		DDE12FB0295B110C008CF91B /* URLConstant.swift */ = {isa = PBXFileReference; lastKnownFileType = sourcecode.swift; path = URLConstant.swift; sourceTree = "<group>"; };
		DDE12FB2295B1114008CF91B /* GeneralResponse.swift */ = {isa = PBXFileReference; lastKnownFileType = sourcecode.swift; path = GeneralResponse.swift; sourceTree = "<group>"; };
		DDE12FB4295B111D008CF91B /* NetworkResult.swift */ = {isa = PBXFileReference; lastKnownFileType = sourcecode.swift; path = NetworkResult.swift; sourceTree = "<group>"; };
		DDE12FBA295B11BC008CF91B /* LoginRouter.swift */ = {isa = PBXFileReference; lastKnownFileType = sourcecode.swift; path = LoginRouter.swift; sourceTree = "<group>"; };
		DDE12FBC295B11E8008CF91B /* HomeRouter.swift */ = {isa = PBXFileReference; lastKnownFileType = sourcecode.swift; path = HomeRouter.swift; sourceTree = "<group>"; };
		DDE12FC0295B1212008CF91B /* GoalDetailRouter.swift */ = {isa = PBXFileReference; lastKnownFileType = sourcecode.swift; path = GoalDetailRouter.swift; sourceTree = "<group>"; };
		DDE12FC2295B121B008CF91B /* NewGoalRouter.swift */ = {isa = PBXFileReference; lastKnownFileType = sourcecode.swift; path = NewGoalRouter.swift; sourceTree = "<group>"; };
		DDE12FC4295B122A008CF91B /* LoginService.swift */ = {isa = PBXFileReference; lastKnownFileType = sourcecode.swift; path = LoginService.swift; sourceTree = "<group>"; };
		DDE12FC6295B1232008CF91B /* HomeService.swift */ = {isa = PBXFileReference; lastKnownFileType = sourcecode.swift; path = HomeService.swift; sourceTree = "<group>"; };
		DDE12FC8295B123B008CF91B /* GoalDetailService.swift */ = {isa = PBXFileReference; lastKnownFileType = sourcecode.swift; path = GoalDetailService.swift; sourceTree = "<group>"; };
		DDE12FCA295B1244008CF91B /* NewGoalService.swift */ = {isa = PBXFileReference; lastKnownFileType = sourcecode.swift; path = NewGoalService.swift; sourceTree = "<group>"; };
		DDE12FD0295B1325008CF91B /* LoginRequest.swift */ = {isa = PBXFileReference; lastKnownFileType = sourcecode.swift; path = LoginRequest.swift; sourceTree = "<group>"; };
		DDE12FD2295B132C008CF91B /* HomeRequest.swift */ = {isa = PBXFileReference; lastKnownFileType = sourcecode.swift; path = HomeRequest.swift; sourceTree = "<group>"; };
		DDE12FD4295B1334008CF91B /* GoalDetailRequest.swift */ = {isa = PBXFileReference; lastKnownFileType = sourcecode.swift; path = GoalDetailRequest.swift; sourceTree = "<group>"; };
		DDE12FD6295B1347008CF91B /* NewGoalRequest.swift */ = {isa = PBXFileReference; lastKnownFileType = sourcecode.swift; path = NewGoalRequest.swift; sourceTree = "<group>"; };
		DDE12FD8295B1357008CF91B /* LoginResponse.swift */ = {isa = PBXFileReference; lastKnownFileType = sourcecode.swift; path = LoginResponse.swift; sourceTree = "<group>"; };
		DDE12FDA295B136C008CF91B /* HomeResponse.swift */ = {isa = PBXFileReference; lastKnownFileType = sourcecode.swift; path = HomeResponse.swift; sourceTree = "<group>"; };
		DDE12FDC295B137E008CF91B /* GoalDetailResponse.swift */ = {isa = PBXFileReference; lastKnownFileType = sourcecode.swift; path = GoalDetailResponse.swift; sourceTree = "<group>"; };
		DDE12FDE295B1389008CF91B /* NewGoalResponse.swift */ = {isa = PBXFileReference; lastKnownFileType = sourcecode.swift; path = NewGoalResponse.swift; sourceTree = "<group>"; };
		DDE8D3872969FF3800331E3C /* StoreGoalView.swift */ = {isa = PBXFileReference; lastKnownFileType = sourcecode.swift; path = StoreGoalView.swift; sourceTree = "<group>"; };
		DDE8D38B296A0C3800331E3C /* StoreFilterButton.swift */ = {isa = PBXFileReference; lastKnownFileType = sourcecode.swift; path = StoreFilterButton.swift; sourceTree = "<group>"; };
/* End PBXFileReference section */

/* Begin PBXFrameworksBuildPhase section */
		DD38AD66295B02B70084FA70 /* Frameworks */ = {
			isa = PBXFrameworksBuildPhase;
			buildActionMask = 2147483647;
			files = (
				DDE12FE7295B1485008CF91B /* SnapKit in Frameworks */,
				DDE12FE4295B145A008CF91B /* KakaoSDKUser in Frameworks */,
				DDE12FE2295B145A008CF91B /* KakaoSDKAuth in Frameworks */,
				DDE12FED295B14FB008CF91B /* Moya in Frameworks */,
				DDE12FEA295B14AE008CF91B /* Then in Frameworks */,
				DDE12FF0295B15AC008CF91B /* Lottie in Frameworks */,
			);
			runOnlyForDeploymentPostprocessing = 0;
		};
/* End PBXFrameworksBuildPhase section */

/* Begin PBXGroup section */
		311F8FC52967FCB300278E8F /* Cell */ = {
			isa = PBXGroup;
			children = (
				311F8FC92967FD9C00278E8F /* OnboardingCollectionViewCell.swift */,
			);
			path = Cell;
			sourceTree = "<group>";
		};
		311F8FC82967FD4600278E8F /* Onboarding */ = {
			isa = PBXGroup;
			children = (
				311F8FC62967FD2D00278E8F /* OnboardingDataModel.swift */,
			);
			path = Onboarding;
			sourceTree = "<group>";
		};
		31403F57296AC7E000CD3037 /* Lotties */ = {
			isa = PBXGroup;
			children = (
				317DD55E296AEBB7002C5B79 /* images */,
				317DD558296AEB9F002C5B79 /* onboarding1_1x.json */,
				31A0C82929715A1300BE6A9A /* onboarding2_1x.json */,
				317DD55A296AEBA0002C5B79 /* onboarding3_1x.json */,
				DDC8FAB929705C6D00D10E2F /* homeBackground.json */,
				DD9E4325297144A90058A715 /* homeSnail.json */,
			);
			path = Lotties;
			sourceTree = "<group>";
		};
		317DD55E296AEBB7002C5B79 /* images */ = {
			isa = PBXGroup;
			children = (
				31A0C82B29715AD100BE6A9A /* card.png */,
				31A0C82D29715B5000BE6A9A /* plus.png */,
				317DD560296AEBB7002C5B79 /* snail_green_sticker1.png */,
				317DD561296AEBB7002C5B79 /* snail_orange_cheer.png */,
				317DD562296AEBB7002C5B79 /* snail_green_cheer.png */,
			);
			path = images;
			sourceTree = "<group>";
		};
		31B295DE296BFDC50062CD79 /* Controller */ = {
			isa = PBXGroup;
			children = (
				DDE12FA0295B0D88008CF91B /* OnboardingViewController.swift */,
			);
			path = Controller;
			sourceTree = "<group>";
		};
		C3D7DD3429A9008B0093248C /* MyPage */ = {
			isa = PBXGroup;
			children = (
				C3D7DD3529A901040093248C /* Cell */,
				C3D7DD3629A901210093248C /* View */,
				C3D7DD3729A901280093248C /* Controller */,
			);
			name = MyPage;
			path = ../MyPage;
			sourceTree = "<group>";
		};
		C3D7DD3529A901040093248C /* Cell */ = {
			isa = PBXGroup;
			children = (
			);
			path = Cell;
			sourceTree = "<group>";
		};
		C3D7DD3629A901210093248C /* View */ = {
			isa = PBXGroup;
			children = (
				C3D7DD3829A9024D0093248C /* AccountInfoView.swift */,
				C358CBBB29B2EAEF009E4060 /* LogoutAlertView.swift */,
				C358CBC229B4FFFC009E4060 /* WithdrawalView.swift */,
				C358CBC629B5A504009E4060 /* CheckBoxButton.swift */,
				C358CBC429B50805009E4060 /* WithdrawalAlertView.swift */,
			);
			path = View;
			sourceTree = "<group>";
		};
		C3D7DD3729A901280093248C /* Controller */ = {
			isa = PBXGroup;
			children = (
				C358CBB929B235AF009E4060 /* MyPageViewController.swift */,
			);
			path = Controller;
			sourceTree = "<group>";
		};
		D63110A929628EFB00E7D52D /* Controller */ = {
			isa = PBXGroup;
			children = (
				D69FA2C729617D890056A175 /* SplashViewController.swift */,
			);
			path = Controller;
			sourceTree = "<group>";
		};
		D63110AA29628F0500E7D52D /* View */ = {
			isa = PBXGroup;
			children = (
				D63110AB29628F1B00E7D52D /* SplashView.swift */,
			);
			path = View;
			sourceTree = "<group>";
		};
		D63D64072966C76200EC1BB7 /* Header */ = {
			isa = PBXGroup;
			children = (
				D63D64082966C77A00EC1BB7 /* HeaderView.swift */,
			);
			path = Header;
			sourceTree = "<group>";
		};
		D643DFD62963E383000296D3 /* Model */ = {
			isa = PBXGroup;
			children = (
				D643DFD72963E39F000296D3 /* GoalDetailStampModel.swift */,
			);
			path = Model;
			sourceTree = "<group>";
		};
		D69F23B72963166F0078FCF1 /* Controller */ = {
			isa = PBXGroup;
			children = (
				DDE12FAB295B0FDB008CF91B /* GoalDetailViewController.swift */,
			);
			path = Controller;
			sourceTree = "<group>";
		};
		D69F23B8296316750078FCF1 /* View */ = {
			isa = PBXGroup;
			children = (
				D69F23BA296316A80078FCF1 /* GoalDetailView.swift */,
				D6F0233B29632EF700524000 /* GoalStatsView.swift */,
				D64DCBA129650F020046C719 /* GoalDetailCollectionView.swift */,
				D6C5057F2969A7B900BE4543 /* SaveBottomSheetView.swift */,
				D6C505812969A7C600BE4543 /* DeleteBottomSheetView.swift */,
			);
			path = View;
			sourceTree = "<group>";
		};
		D69F23B92963167A0078FCF1 /* Cell */ = {
			isa = PBXGroup;
			children = (
				D69F23BC296317210078FCF1 /* GoalDetailCollectionViewCell.swift */,
			);
			path = Cell;
			sourceTree = "<group>";
		};
		D69FA2C629617D2C0056A175 /* Splash */ = {
			isa = PBXGroup;
			children = (
				D63110AA29628F0500E7D52D /* View */,
				D63110A929628EFB00E7D52D /* Controller */,
			);
			path = Splash;
			sourceTree = "<group>";
		};
		D6B4D2312965BB1500661083 /* Bottom */ = {
			isa = PBXGroup;
			children = (
				D6B4D2322965BB6700661083 /* BottomSheetView.swift */,
			);
			path = Bottom;
			sourceTree = "<group>";
		};
		D6C7B3CA29618229006877F3 /* View */ = {
			isa = PBXGroup;
			children = (
				D6C7B3CE296183D7006877F3 /* SocialLoginButton.swift */,
			);
			path = View;
			sourceTree = "<group>";
		};
		D6C7B3CB296182BB006877F3 /* Controller */ = {
			isa = PBXGroup;
			children = (
				DDE12FA3295B0E2A008CF91B /* LoginViewController.swift */,
			);
			path = Controller;
			sourceTree = "<group>";
		};
		DD38AD60295B02B70084FA70 = {
			isa = PBXGroup;
			children = (
				D6F5BB3D29680DE800C722AA /* Config.xcconfig */,
				DDDBC87F29618A7D00F65F23 /* .swiftlint.yml */,
				DD38AD6B295B02B70084FA70 /* KeepGoEat-iOS */,
				DD38AD6A295B02B70084FA70 /* Products */,
			);
			sourceTree = "<group>";
		};
		DD38AD6A295B02B70084FA70 /* Products */ = {
			isa = PBXGroup;
			children = (
				DD38AD69295B02B70084FA70 /* KeepGoEat-iOS.app */,
			);
			name = Products;
			sourceTree = "<group>";
		};
		DD38AD6B295B02B70084FA70 /* KeepGoEat-iOS */ = {
			isa = PBXGroup;
			children = (
				DDE12F8D295B0B92008CF91B /* Storyboard */,
				DDE12F8A295B0B34008CF91B /* Application */,
				DDE12F89295B0B2D008CF91B /* Resource */,
				DDE12F88295B0B26008CF91B /* Common */,
				DDE12F87295B0B1F008CF91B /* Presentation */,
				DDE12F86295B0B18008CF91B /* Network */,
				DDE12F85295B0B0D008CF91B /* Data */,
			);
			path = "KeepGoEat-iOS";
			sourceTree = "<group>";
		};
		DD849AFC295E75650030AF2F /* StoreGoal */ = {
			isa = PBXGroup;
			children = (
				DD849AFD295E758A0030AF2F /* StoreGoalRequest.swift */,
				DD849AFF295E759E0030AF2F /* StoreGoalResponse.swift */,
			);
			path = StoreGoal;
			sourceTree = "<group>";
		};
		DD849B01295E75A50030AF2F /* StoreGoal */ = {
			isa = PBXGroup;
			children = (
				DD849B02295E75D80030AF2F /* StoreGoalRouter.swift */,
				DD849B04295E760C0030AF2F /* StoreGoalService.swift */,
			);
			path = StoreGoal;
			sourceTree = "<group>";
		};
		DD849B06295E761F0030AF2F /* StoreGoal */ = {
			isa = PBXGroup;
			children = (
				DDE8D3862969FF1700331E3C /* Cell */,
				DDE8D3852969FF1100331E3C /* Controller */,
				DDE8D3842969FF0D00331E3C /* View */,
			);
			path = StoreGoal;
			sourceTree = "<group>";
		};
		DDA7B70E29672AE3001950A2 /* Controller */ = {
			isa = PBXGroup;
			children = (
				DDE12FA6295B0E55008CF91B /* HomeViewController.swift */,
			);
			path = Controller;
			sourceTree = "<group>";
		};
		DDA7B71A2968562B001950A2 /* Cell */ = {
			isa = PBXGroup;
			children = (
				DDA7B71B29685E67001950A2 /* HomeGoalCollectionViewCell.swift */,
				DD623417296E65FF008A35CD /* HomeGoalAddCollectionViewCell.swift */,
			);
			path = Cell;
			sourceTree = "<group>";
		};
		DDDBC88329618FB100F65F23 /* View */ = {
			isa = PBXGroup;
			children = (
				DDDBC88429618FDA00F65F23 /* HomeCheerView.swift */,
				DDA7B70F29672B14001950A2 /* HomeView.swift */,
				DDA7B71129673F76001950A2 /* HomeEmptyView.swift */,
				DDA7B7132967413F001950A2 /* HomeBaseView.swift */,
				DDA7B71F29687B91001950A2 /* HomeAchieveButton.swift */,
				DDA7B72129689333001950A2 /* HomeGoalCollectionView.swift */,
				DD64902D2968C53900A73CF4 /* HomeExistView.swift */,
				DDB02FCA296D19CC00D1E7AB /* HomeNewGoalTypeView.swift */,
				DDB02FCC296DA5DD00D1E7AB /* HomeBottomSheetView.swift */,
			);
			path = View;
			sourceTree = "<group>";
		};
		DDE12F85295B0B0D008CF91B /* Data */ = {
			isa = PBXGroup;
			children = (
				311F8FC82967FD4600278E8F /* Onboarding */,
				DDE12FCC295B12EE008CF91B /* Login */,
				DDE12FCD295B1301008CF91B /* Home */,
				DDE12FCE295B1304008CF91B /* GoalDetail */,
				DDE12FCF295B130B008CF91B /* NewGoal */,
				DD849AFC295E75650030AF2F /* StoreGoal */,
			);
			path = Data;
			sourceTree = "<group>";
		};
		DDE12F86295B0B18008CF91B /* Network */ = {
			isa = PBXGroup;
			children = (
				DD526892296ABBCE005C8376 /* BaseTargetType.swift */,
				DD849B0D295E7E0F0030AF2F /* MoyaLoggingPlugin.swift */,
				DDE12FB0295B110C008CF91B /* URLConstant.swift */,
				DDE12FB2295B1114008CF91B /* GeneralResponse.swift */,
				DD849B0F295E800C0030AF2F /* NetworkBase.swift */,
				DD849B11295E80630030AF2F /* NetworkConstant.swift */,
				DDE12FB4295B111D008CF91B /* NetworkResult.swift */,
				DDE12FB6295B1136008CF91B /* Login */,
				DDE12FB7295B115E008CF91B /* Home */,
				DDE12FB9295B117B008CF91B /* GoalDetail */,
				DDE12FB8295B1172008CF91B /* NewGoal */,
				DD849B01295E75A50030AF2F /* StoreGoal */,
			);
			path = Network;
			sourceTree = "<group>";
		};
		DDE12F87295B0B1F008CF91B /* Presentation */ = {
			isa = PBXGroup;
			children = (
				D69FA2C629617D2C0056A175 /* Splash */,
				DDE12F9C295B0CBB008CF91B /* Base */,
				DDE12F9F295B0D60008CF91B /* Onboarding */,
				DDE12FA2295B0E20008CF91B /* Login */,
				DDE12FA5295B0E49008CF91B /* Home */,
				DDE12FA8295B0EB6008CF91B /* GoalDetail */,
				DDE12FAD295B0FF6008CF91B /* NewGoal */,
				DD849B06295E761F0030AF2F /* StoreGoal */,
				C3D7DD3429A9008B0093248C /* MyPage */,
			);
			path = Presentation;
			sourceTree = "<group>";
		};
		DDE12F88295B0B26008CF91B /* Common */ = {
			isa = PBXGroup;
			children = (
				DDE12F91295B0BDC008CF91B /* Consts */,
				DDE12F90295B0BD3008CF91B /* Extensions */,
				DDE12F8F295B0BC5008CF91B /* Utils */,
			);
			path = Common;
			sourceTree = "<group>";
		};
		DDE12F89295B0B2D008CF91B /* Resource */ = {
			isa = PBXGroup;
			children = (
				31403F57296AC7E000CD3037 /* Lotties */,
				DDE12F8E295B0BB3008CF91B /* Fonts */,
				DD38AD75295B02B80084FA70 /* Assets.xcassets */,
				DDE12F8B295B0B7E008CF91B /* Colors.xcassets */,
				DD38AD7A295B02B80084FA70 /* Info.plist */,
			);
			path = Resource;
			sourceTree = "<group>";
		};
		DDE12F8A295B0B34008CF91B /* Application */ = {
			isa = PBXGroup;
			children = (
				DD38AD6C295B02B70084FA70 /* AppDelegate.swift */,
				DD38AD6E295B02B70084FA70 /* SceneDelegate.swift */,
			);
			path = Application;
			sourceTree = "<group>";
		};
		DDE12F8D295B0B92008CF91B /* Storyboard */ = {
			isa = PBXGroup;
			children = (
				DD38AD77295B02B80084FA70 /* LaunchScreen.storyboard */,
			);
			path = Storyboard;
			sourceTree = "<group>";
		};
		DDE12F8E295B0BB3008CF91B /* Fonts */ = {
			isa = PBXGroup;
			children = (
				DDDBC86E295EE52B00F65F23 /* Pretendard-Bold.otf */,
				DDDBC86F295EE52B00F65F23 /* Pretendard-Regular.otf */,
			);
			path = Fonts;
			sourceTree = "<group>";
		};
		DDE12F8F295B0BC5008CF91B /* Utils */ = {
			isa = PBXGroup;
			children = (
				DDE12F9A295B0CAA008CF91B /* KeychainHandler.swift */,
				D6E74E50296FEF8A00F278EC /* RootViewControllerSwitcher.swift */,
			);
			path = Utils;
			sourceTree = "<group>";
		};
		DDE12F90295B0BD3008CF91B /* Extensions */ = {
			isa = PBXGroup;
			children = (
				DDE12F98295B0C24008CF91B /* UIViewController+.swift */,
				DD849B09295E77590030AF2F /* UIView+.swift */,
				D65C62F52962DEF30085832C /* adjust+.swift */,
				315AC8862966D4FF0005CCF2 /* String+.swift */,
				D6F427B02967CA2E00065A24 /* UILabel+.swift */,
				DDA7B71D29686D83001950A2 /* NSMutableAttributedString+.swift */,
				D67E6116296AAC3600CA8CEB /* Encodable+.swift */,
			);
			path = Extensions;
			sourceTree = "<group>";
		};
		DDE12F91295B0BDC008CF91B /* Consts */ = {
			isa = PBXGroup;
			children = (
				DDDBC875296045A200F65F23 /* Const.swift */,
				DDDBC877296045AA00F65F23 /* String.swift */,
				DDE12F92295B0BED008CF91B /* Image.swift */,
				DDE12F94295B0BF6008CF91B /* Color.swift */,
				DDE12F96295B0BFE008CF91B /* Font.swift */,
			);
			path = Consts;
			sourceTree = "<group>";
		};
		DDE12F9C295B0CBB008CF91B /* Base */ = {
			isa = PBXGroup;
			children = (
				D63D64072966C76200EC1BB7 /* Header */,
				D6B4D2312965BB1500661083 /* Bottom */,
				DDE12F9D295B0CFB008CF91B /* BaseViewController.swift */,
				DD849B0B295E7BAE0030AF2F /* BaseNavigationController.swift */,
			);
			path = Base;
			sourceTree = "<group>";
		};
		DDE12F9F295B0D60008CF91B /* Onboarding */ = {
			isa = PBXGroup;
			children = (
				31B295DE296BFDC50062CD79 /* Controller */,
				311F8FC52967FCB300278E8F /* Cell */,
			);
			path = Onboarding;
			sourceTree = "<group>";
		};
		DDE12FA2295B0E20008CF91B /* Login */ = {
			isa = PBXGroup;
			children = (
				D6C7B3CB296182BB006877F3 /* Controller */,
				D6C7B3CA29618229006877F3 /* View */,
			);
			path = Login;
			sourceTree = "<group>";
		};
		DDE12FA5295B0E49008CF91B /* Home */ = {
			isa = PBXGroup;
			children = (
				DDA7B71A2968562B001950A2 /* Cell */,
				DDDBC88329618FB100F65F23 /* View */,
				DDA7B70E29672AE3001950A2 /* Controller */,
			);
			path = Home;
			sourceTree = "<group>";
		};
		DDE12FA8295B0EB6008CF91B /* GoalDetail */ = {
			isa = PBXGroup;
			children = (
				D643DFD62963E383000296D3 /* Model */,
				D69F23B92963167A0078FCF1 /* Cell */,
				D69F23B8296316750078FCF1 /* View */,
				D69F23B72963166F0078FCF1 /* Controller */,
			);
			path = GoalDetail;
			sourceTree = "<group>";
		};
		DDE12FAD295B0FF6008CF91B /* NewGoal */ = {
			isa = PBXGroup;
			children = (
				DDE12FAE295B1011008CF91B /* NewGoalViewController.swift */,
			);
			path = NewGoal;
			sourceTree = "<group>";
		};
		DDE12FB6295B1136008CF91B /* Login */ = {
			isa = PBXGroup;
			children = (
				DDE12FBA295B11BC008CF91B /* LoginRouter.swift */,
				DDE12FC4295B122A008CF91B /* LoginService.swift */,
			);
			path = Login;
			sourceTree = "<group>";
		};
		DDE12FB7295B115E008CF91B /* Home */ = {
			isa = PBXGroup;
			children = (
				DDE12FBC295B11E8008CF91B /* HomeRouter.swift */,
				DDE12FC6295B1232008CF91B /* HomeService.swift */,
			);
			path = Home;
			sourceTree = "<group>";
		};
		DDE12FB8295B1172008CF91B /* NewGoal */ = {
			isa = PBXGroup;
			children = (
				DDE12FC2295B121B008CF91B /* NewGoalRouter.swift */,
				DDE12FCA295B1244008CF91B /* NewGoalService.swift */,
			);
			path = NewGoal;
			sourceTree = "<group>";
		};
		DDE12FB9295B117B008CF91B /* GoalDetail */ = {
			isa = PBXGroup;
			children = (
				DDE12FC0295B1212008CF91B /* GoalDetailRouter.swift */,
				DDE12FC8295B123B008CF91B /* GoalDetailService.swift */,
			);
			path = GoalDetail;
			sourceTree = "<group>";
		};
		DDE12FCC295B12EE008CF91B /* Login */ = {
			isa = PBXGroup;
			children = (
				DDE12FD0295B1325008CF91B /* LoginRequest.swift */,
				DDE12FD8295B1357008CF91B /* LoginResponse.swift */,
			);
			path = Login;
			sourceTree = "<group>";
		};
		DDE12FCD295B1301008CF91B /* Home */ = {
			isa = PBXGroup;
			children = (
				DDE12FD2295B132C008CF91B /* HomeRequest.swift */,
				DDE12FDA295B136C008CF91B /* HomeResponse.swift */,
			);
			path = Home;
			sourceTree = "<group>";
		};
		DDE12FCE295B1304008CF91B /* GoalDetail */ = {
			isa = PBXGroup;
			children = (
				DDE12FD4295B1334008CF91B /* GoalDetailRequest.swift */,
				DDE12FDC295B137E008CF91B /* GoalDetailResponse.swift */,
			);
			path = GoalDetail;
			sourceTree = "<group>";
		};
		DDE12FCF295B130B008CF91B /* NewGoal */ = {
			isa = PBXGroup;
			children = (
				DDE12FD6295B1347008CF91B /* NewGoalRequest.swift */,
				DDE12FDE295B1389008CF91B /* NewGoalResponse.swift */,
			);
			path = NewGoal;
			sourceTree = "<group>";
		};
		DDE8D3842969FF0D00331E3C /* View */ = {
			isa = PBXGroup;
			children = (
				DDE8D3872969FF3800331E3C /* StoreGoalView.swift */,
				DDE8D38B296A0C3800331E3C /* StoreFilterButton.swift */,
				DD5F29FE296C39D400CAEB2D /* StoreCollectionView.swift */,
			);
			path = View;
			sourceTree = "<group>";
		};
		DDE8D3852969FF1100331E3C /* Controller */ = {
			isa = PBXGroup;
			children = (
				DD849B07295E763F0030AF2F /* StoreGoalViewController.swift */,
			);
			path = Controller;
			sourceTree = "<group>";
		};
		DDE8D3862969FF1700331E3C /* Cell */ = {
			isa = PBXGroup;
			children = (
				DD5F29FC296C391000CAEB2D /* StoreCollectionViewCell.swift */,
			);
			path = Cell;
			sourceTree = "<group>";
		};
/* End PBXGroup section */

/* Begin PBXNativeTarget section */
		DD38AD68295B02B70084FA70 /* KeepGoEat-iOS */ = {
			isa = PBXNativeTarget;
			buildConfigurationList = DD38AD7D295B02B80084FA70 /* Build configuration list for PBXNativeTarget "KeepGoEat-iOS" */;
			buildPhases = (
				DDDBC8792961808000F65F23 /* SwiftLint Script */,
				DD38AD65295B02B70084FA70 /* Sources */,
				DD38AD66295B02B70084FA70 /* Frameworks */,
				DD38AD67295B02B70084FA70 /* Resources */,
			);
			buildRules = (
			);
			dependencies = (
			);
			name = "KeepGoEat-iOS";
			packageProductDependencies = (
				DDE12FE1295B145A008CF91B /* KakaoSDKAuth */,
				DDE12FE3295B145A008CF91B /* KakaoSDKUser */,
				DDE12FE6295B1485008CF91B /* SnapKit */,
				DDE12FE9295B14AE008CF91B /* Then */,
				DDE12FEC295B14FB008CF91B /* Moya */,
				DDE12FEF295B15AC008CF91B /* Lottie */,
			);
			productName = "KeepGoEat-iOS";
			productReference = DD38AD69295B02B70084FA70 /* KeepGoEat-iOS.app */;
			productType = "com.apple.product-type.application";
		};
/* End PBXNativeTarget section */

/* Begin PBXProject section */
		DD38AD61295B02B70084FA70 /* Project object */ = {
			isa = PBXProject;
			attributes = {
				BuildIndependentTargetsInParallel = 1;
				LastSwiftUpdateCheck = 1400;
				LastUpgradeCheck = 1400;
				TargetAttributes = {
					DD38AD68295B02B70084FA70 = {
						CreatedOnToolsVersion = 14.0.1;
					};
				};
			};
			buildConfigurationList = DD38AD64295B02B70084FA70 /* Build configuration list for PBXProject "KeepGoEat-iOS" */;
			compatibilityVersion = "Xcode 14.0";
			developmentRegion = en;
			hasScannedForEncodings = 0;
			knownRegions = (
				en,
				Base,
			);
			mainGroup = DD38AD60295B02B70084FA70;
			packageReferences = (
				DDE12FE0295B145A008CF91B /* XCRemoteSwiftPackageReference "kakao-ios-sdk" */,
				DDE12FE5295B1485008CF91B /* XCRemoteSwiftPackageReference "SnapKit" */,
				DDE12FE8295B14AE008CF91B /* XCRemoteSwiftPackageReference "Then" */,
				DDE12FEB295B14FB008CF91B /* XCRemoteSwiftPackageReference "Moya" */,
				DDE12FEE295B15AC008CF91B /* XCRemoteSwiftPackageReference "lottie-ios" */,
			);
			productRefGroup = DD38AD6A295B02B70084FA70 /* Products */;
			projectDirPath = "";
			projectRoot = "";
			targets = (
				DD38AD68295B02B70084FA70 /* KeepGoEat-iOS */,
			);
		};
/* End PBXProject section */

/* Begin PBXResourcesBuildPhase section */
		DD38AD67295B02B70084FA70 /* Resources */ = {
			isa = PBXResourcesBuildPhase;
			buildActionMask = 2147483647;
			files = (
				DD9E4326297144A90058A715 /* homeSnail.json in Resources */,
				DDDBC88029618A7D00F65F23 /* .swiftlint.yml in Resources */,
				DDC8FABA29705C6D00D10E2F /* homeBackground.json in Resources */,
				DD38AD79295B02B80084FA70 /* LaunchScreen.storyboard in Resources */,
				31A0C82C29715AD100BE6A9A /* card.png in Resources */,
				C3D7DD3D29B1DE900093248C /* Config.xcconfig in Resources */,
				D6C7B3D02961DFC2006877F3 /* Pretendard-Bold.otf in Resources */,
				317DD565296AEBB7002C5B79 /* snail_orange_cheer.png in Resources */,
				317DD566296AEBB7002C5B79 /* snail_green_cheer.png in Resources */,
				D6C7B3D12961DFC4006877F3 /* Pretendard-Regular.otf in Resources */,
				DDE12F8C295B0B7E008CF91B /* Colors.xcassets in Resources */,
				DD38AD76295B02B80084FA70 /* Assets.xcassets in Resources */,
				31A0C82A29715A1400BE6A9A /* onboarding2_1x.json in Resources */,
				317DD564296AEBB7002C5B79 /* snail_green_sticker1.png in Resources */,
				317DD55B296AEBA0002C5B79 /* onboarding1_1x.json in Resources */,
				317DD55D296AEBA0002C5B79 /* onboarding3_1x.json in Resources */,
				31A0C82E29715B5000BE6A9A /* plus.png in Resources */,
			);
			runOnlyForDeploymentPostprocessing = 0;
		};
/* End PBXResourcesBuildPhase section */

/* Begin PBXShellScriptBuildPhase section */
		DDDBC8792961808000F65F23 /* SwiftLint Script */ = {
			isa = PBXShellScriptBuildPhase;
			buildActionMask = 2147483647;
			files = (
			);
			inputFileListPaths = (
			);
			inputPaths = (
			);
			name = "SwiftLint Script";
			outputFileListPaths = (
			);
			outputPaths = (
			);
			runOnlyForDeploymentPostprocessing = 0;
			shellPath = /bin/sh;
			shellScript = "# Type a script or drag a script file from your workspace to insert its path.\nexport PATH=\"$PATH:/opt/homebrew/bin\"\nif which swiftlint > /dev/null; then\n  swiftlint\nelse\n  echo \"warning: SwiftLint not installed, download from https://github.com/realm/SwiftLint\"\nfi\n";
		};
/* End PBXShellScriptBuildPhase section */

/* Begin PBXSourcesBuildPhase section */
		DD38AD65295B02B70084FA70 /* Sources */ = {
			isa = PBXSourcesBuildPhase;
			buildActionMask = 2147483647;
			files = (
				DDE12F99295B0C24008CF91B /* UIViewController+.swift in Sources */,
				DDE12FD5295B1334008CF91B /* GoalDetailRequest.swift in Sources */,
				C3D7DD3929A9024D0093248C /* AccountInfoView.swift in Sources */,
				DDE12FD1295B1325008CF91B /* LoginRequest.swift in Sources */,
				DDE12FAF295B1011008CF91B /* NewGoalViewController.swift in Sources */,
				DD849B12295E80630030AF2F /* NetworkConstant.swift in Sources */,
				DDE12F9B295B0CAA008CF91B /* KeychainHandler.swift in Sources */,
				DDA7B71E29686D83001950A2 /* NSMutableAttributedString+.swift in Sources */,
				D69F23BB296316A80078FCF1 /* GoalDetailView.swift in Sources */,
				DDE8D38C296A0C3800331E3C /* StoreFilterButton.swift in Sources */,
				D6E74E51296FEF8A00F278EC /* RootViewControllerSwitcher.swift in Sources */,
				DD849B00295E759E0030AF2F /* StoreGoalResponse.swift in Sources */,
				DDE12FBD295B11E8008CF91B /* HomeRouter.swift in Sources */,
				DD5F29FF296C39D400CAEB2D /* StoreCollectionView.swift in Sources */,
				DDE12F93295B0BED008CF91B /* Image.swift in Sources */,
				DDE12F97295B0BFE008CF91B /* Font.swift in Sources */,
				D63110AC29628F1B00E7D52D /* SplashView.swift in Sources */,
				DDE12F9E295B0CFB008CF91B /* BaseViewController.swift in Sources */,
				DDA7B71229673F76001950A2 /* HomeEmptyView.swift in Sources */,
				DDE12FC1295B1212008CF91B /* GoalDetailRouter.swift in Sources */,
				D69F23BD296317210078FCF1 /* GoalDetailCollectionViewCell.swift in Sources */,
				DD38AD6D295B02B70084FA70 /* AppDelegate.swift in Sources */,
				DDA7B71C29685E67001950A2 /* HomeGoalCollectionViewCell.swift in Sources */,
				D67E6117296AAC3600CA8CEB /* Encodable+.swift in Sources */,
				DDE12FB1295B110C008CF91B /* URLConstant.swift in Sources */,
				DDB02FCD296DA5DD00D1E7AB /* HomeBottomSheetView.swift in Sources */,
				D6C505822969A7C600BE4543 /* DeleteBottomSheetView.swift in Sources */,
				DDE12FD7295B1347008CF91B /* NewGoalRequest.swift in Sources */,
				DD623418296E65FF008A35CD /* HomeGoalAddCollectionViewCell.swift in Sources */,
				DDE12FD9295B1357008CF91B /* LoginResponse.swift in Sources */,
				DD849B03295E75D80030AF2F /* StoreGoalRouter.swift in Sources */,
				DDB02FCB296D19CC00D1E7AB /* HomeNewGoalTypeView.swift in Sources */,
				DDE12FA1295B0D88008CF91B /* OnboardingViewController.swift in Sources */,
				D643DFD82963E39F000296D3 /* GoalDetailStampModel.swift in Sources */,
				DDE12F95295B0BF6008CF91B /* Color.swift in Sources */,
				DD849AFE295E758A0030AF2F /* StoreGoalRequest.swift in Sources */,
				DD849B08295E763F0030AF2F /* StoreGoalViewController.swift in Sources */,
				DD849B10295E800C0030AF2F /* NetworkBase.swift in Sources */,
				311F8FC72967FD2D00278E8F /* OnboardingDataModel.swift in Sources */,
				DDE12FAC295B0FDB008CF91B /* GoalDetailViewController.swift in Sources */,
				311F8FCA2967FD9C00278E8F /* OnboardingCollectionViewCell.swift in Sources */,
				DD64902E2968C53900A73CF4 /* HomeExistView.swift in Sources */,
				D6C7B3CF296183D7006877F3 /* SocialLoginButton.swift in Sources */,
				C358CBBA29B235AF009E4060 /* MyPageViewController.swift in Sources */,
				DDDBC876296045A200F65F23 /* Const.swift in Sources */,
				DD38AD6F295B02B70084FA70 /* SceneDelegate.swift in Sources */,
				D6F427B12967CA2E00065A24 /* UILabel+.swift in Sources */,
				DDE12FB3295B1114008CF91B /* GeneralResponse.swift in Sources */,
				DDE12FBB295B11BC008CF91B /* LoginRouter.swift in Sources */,
				DDE12FC9295B123B008CF91B /* GoalDetailService.swift in Sources */,
				C358CBC529B50805009E4060 /* WithdrawalAlertView.swift in Sources */,
				DDE12FC5295B122A008CF91B /* LoginService.swift in Sources */,
				DDE8D3882969FF3800331E3C /* StoreGoalView.swift in Sources */,
				D65C62F62962DEF30085832C /* adjust+.swift in Sources */,
				DD849B0C295E7BAE0030AF2F /* BaseNavigationController.swift in Sources */,
				DDE12FDB295B136C008CF91B /* HomeResponse.swift in Sources */,
				DD849B05295E760C0030AF2F /* StoreGoalService.swift in Sources */,
				DDE12FDF295B1389008CF91B /* NewGoalResponse.swift in Sources */,
				DD526893296ABBCE005C8376 /* BaseTargetType.swift in Sources */,
				DDA7B72229689333001950A2 /* HomeGoalCollectionView.swift in Sources */,
				DD849B0E295E7E0F0030AF2F /* MoyaLoggingPlugin.swift in Sources */,
				DDDBC878296045AA00F65F23 /* String.swift in Sources */,
				D6B4D2332965BB6700661083 /* BottomSheetView.swift in Sources */,
				DDA7B71029672B14001950A2 /* HomeView.swift in Sources */,
				D6B4D2332965BB6700661083 /* BottomSheetView.swift in Sources */,
				DDE12FDD295B137E008CF91B /* GoalDetailResponse.swift in Sources */,
				315AC8872966D4FF0005CCF2 /* String+.swift in Sources */,
				C358CBC329B4FFFC009E4060 /* WithdrawalView.swift in Sources */,
				DDE12FC7295B1232008CF91B /* HomeService.swift in Sources */,
				DDDBC88529618FDA00F65F23 /* HomeCheerView.swift in Sources */,
				DD5F29FD296C391000CAEB2D /* StoreCollectionViewCell.swift in Sources */,
				C358CBBC29B2EAEF009E4060 /* LogoutAlertView.swift in Sources */,
				D6F0233C29632EF700524000 /* GoalStatsView.swift in Sources */,
				DDE12FC3295B121B008CF91B /* NewGoalRouter.swift in Sources */,
				DDE12FA4295B0E2A008CF91B /* LoginViewController.swift in Sources */,
				D6C505802969A7B900BE4543 /* SaveBottomSheetView.swift in Sources */,
				D69FA2C829617D890056A175 /* SplashViewController.swift in Sources */,
				DDA7B72029687B91001950A2 /* HomeAchieveButton.swift in Sources */,
				DDA7B7142967413F001950A2 /* HomeBaseView.swift in Sources */,
				D64DCBA229650F020046C719 /* GoalDetailCollectionView.swift in Sources */,
				DDE12FCB295B1244008CF91B /* NewGoalService.swift in Sources */,
				DD849B0A295E77590030AF2F /* UIView+.swift in Sources */,
				C358CBC729B5A504009E4060 /* CheckBoxButton.swift in Sources */,
				DDE12FD3295B132C008CF91B /* HomeRequest.swift in Sources */,
				DDE12FB5295B111D008CF91B /* NetworkResult.swift in Sources */,
				DDE12FA7295B0E55008CF91B /* HomeViewController.swift in Sources */,
				D63D64092966C77A00EC1BB7 /* HeaderView.swift in Sources */,
			);
			runOnlyForDeploymentPostprocessing = 0;
		};
/* End PBXSourcesBuildPhase section */

/* Begin PBXVariantGroup section */
		DD38AD77295B02B80084FA70 /* LaunchScreen.storyboard */ = {
			isa = PBXVariantGroup;
			children = (
				DD38AD78295B02B80084FA70 /* Base */,
			);
			name = LaunchScreen.storyboard;
			sourceTree = "<group>";
		};
/* End PBXVariantGroup section */

/* Begin XCBuildConfiguration section */
		DD38AD7B295B02B80084FA70 /* Debug */ = {
			isa = XCBuildConfiguration;
			buildSettings = {
				ALWAYS_SEARCH_USER_PATHS = NO;
				CLANG_ANALYZER_NONNULL = YES;
				CLANG_ANALYZER_NUMBER_OBJECT_CONVERSION = YES_AGGRESSIVE;
				CLANG_CXX_LANGUAGE_STANDARD = "gnu++20";
				CLANG_ENABLE_MODULES = YES;
				CLANG_ENABLE_OBJC_ARC = YES;
				CLANG_ENABLE_OBJC_WEAK = YES;
				CLANG_WARN_BLOCK_CAPTURE_AUTORELEASING = YES;
				CLANG_WARN_BOOL_CONVERSION = YES;
				CLANG_WARN_COMMA = YES;
				CLANG_WARN_CONSTANT_CONVERSION = YES;
				CLANG_WARN_DEPRECATED_OBJC_IMPLEMENTATIONS = YES;
				CLANG_WARN_DIRECT_OBJC_ISA_USAGE = YES_ERROR;
				CLANG_WARN_DOCUMENTATION_COMMENTS = YES;
				CLANG_WARN_EMPTY_BODY = YES;
				CLANG_WARN_ENUM_CONVERSION = YES;
				CLANG_WARN_INFINITE_RECURSION = YES;
				CLANG_WARN_INT_CONVERSION = YES;
				CLANG_WARN_NON_LITERAL_NULL_CONVERSION = YES;
				CLANG_WARN_OBJC_IMPLICIT_RETAIN_SELF = YES;
				CLANG_WARN_OBJC_LITERAL_CONVERSION = YES;
				CLANG_WARN_OBJC_ROOT_CLASS = YES_ERROR;
				CLANG_WARN_QUOTED_INCLUDE_IN_FRAMEWORK_HEADER = YES;
				CLANG_WARN_RANGE_LOOP_ANALYSIS = YES;
				CLANG_WARN_STRICT_PROTOTYPES = YES;
				CLANG_WARN_SUSPICIOUS_MOVE = YES;
				CLANG_WARN_UNGUARDED_AVAILABILITY = YES_AGGRESSIVE;
				CLANG_WARN_UNREACHABLE_CODE = YES;
				CLANG_WARN__DUPLICATE_METHOD_MATCH = YES;
				COPY_PHASE_STRIP = NO;
				DEBUG_INFORMATION_FORMAT = dwarf;
				ENABLE_STRICT_OBJC_MSGSEND = YES;
				ENABLE_TESTABILITY = YES;
				GCC_C_LANGUAGE_STANDARD = gnu11;
				GCC_DYNAMIC_NO_PIC = NO;
				GCC_NO_COMMON_BLOCKS = YES;
				GCC_OPTIMIZATION_LEVEL = 0;
				GCC_PREPROCESSOR_DEFINITIONS = (
					"DEBUG=1",
					"$(inherited)",
				);
				GCC_WARN_64_TO_32_BIT_CONVERSION = YES;
				GCC_WARN_ABOUT_RETURN_TYPE = YES_ERROR;
				GCC_WARN_UNDECLARED_SELECTOR = YES;
				GCC_WARN_UNINITIALIZED_AUTOS = YES_AGGRESSIVE;
				GCC_WARN_UNUSED_FUNCTION = YES;
				GCC_WARN_UNUSED_VARIABLE = YES;
				IPHONEOS_DEPLOYMENT_TARGET = 16.0;
				MTL_ENABLE_DEBUG_INFO = INCLUDE_SOURCE;
				MTL_FAST_MATH = YES;
				ONLY_ACTIVE_ARCH = YES;
				SDKROOT = iphoneos;
				SWIFT_ACTIVE_COMPILATION_CONDITIONS = DEBUG;
				SWIFT_OPTIMIZATION_LEVEL = "-Onone";
			};
			name = Debug;
		};
		DD38AD7C295B02B80084FA70 /* Release */ = {
			isa = XCBuildConfiguration;
			buildSettings = {
				ALWAYS_SEARCH_USER_PATHS = NO;
				CLANG_ANALYZER_NONNULL = YES;
				CLANG_ANALYZER_NUMBER_OBJECT_CONVERSION = YES_AGGRESSIVE;
				CLANG_CXX_LANGUAGE_STANDARD = "gnu++20";
				CLANG_ENABLE_MODULES = YES;
				CLANG_ENABLE_OBJC_ARC = YES;
				CLANG_ENABLE_OBJC_WEAK = YES;
				CLANG_WARN_BLOCK_CAPTURE_AUTORELEASING = YES;
				CLANG_WARN_BOOL_CONVERSION = YES;
				CLANG_WARN_COMMA = YES;
				CLANG_WARN_CONSTANT_CONVERSION = YES;
				CLANG_WARN_DEPRECATED_OBJC_IMPLEMENTATIONS = YES;
				CLANG_WARN_DIRECT_OBJC_ISA_USAGE = YES_ERROR;
				CLANG_WARN_DOCUMENTATION_COMMENTS = YES;
				CLANG_WARN_EMPTY_BODY = YES;
				CLANG_WARN_ENUM_CONVERSION = YES;
				CLANG_WARN_INFINITE_RECURSION = YES;
				CLANG_WARN_INT_CONVERSION = YES;
				CLANG_WARN_NON_LITERAL_NULL_CONVERSION = YES;
				CLANG_WARN_OBJC_IMPLICIT_RETAIN_SELF = YES;
				CLANG_WARN_OBJC_LITERAL_CONVERSION = YES;
				CLANG_WARN_OBJC_ROOT_CLASS = YES_ERROR;
				CLANG_WARN_QUOTED_INCLUDE_IN_FRAMEWORK_HEADER = YES;
				CLANG_WARN_RANGE_LOOP_ANALYSIS = YES;
				CLANG_WARN_STRICT_PROTOTYPES = YES;
				CLANG_WARN_SUSPICIOUS_MOVE = YES;
				CLANG_WARN_UNGUARDED_AVAILABILITY = YES_AGGRESSIVE;
				CLANG_WARN_UNREACHABLE_CODE = YES;
				CLANG_WARN__DUPLICATE_METHOD_MATCH = YES;
				COPY_PHASE_STRIP = NO;
				DEBUG_INFORMATION_FORMAT = "dwarf-with-dsym";
				ENABLE_NS_ASSERTIONS = NO;
				ENABLE_STRICT_OBJC_MSGSEND = YES;
				GCC_C_LANGUAGE_STANDARD = gnu11;
				GCC_NO_COMMON_BLOCKS = YES;
				GCC_WARN_64_TO_32_BIT_CONVERSION = YES;
				GCC_WARN_ABOUT_RETURN_TYPE = YES_ERROR;
				GCC_WARN_UNDECLARED_SELECTOR = YES;
				GCC_WARN_UNINITIALIZED_AUTOS = YES_AGGRESSIVE;
				GCC_WARN_UNUSED_FUNCTION = YES;
				GCC_WARN_UNUSED_VARIABLE = YES;
				IPHONEOS_DEPLOYMENT_TARGET = 16.0;
				MTL_ENABLE_DEBUG_INFO = NO;
				MTL_FAST_MATH = YES;
				SDKROOT = iphoneos;
				SWIFT_COMPILATION_MODE = wholemodule;
				SWIFT_OPTIMIZATION_LEVEL = "-O";
				VALIDATE_PRODUCT = YES;
			};
			name = Release;
		};
		DD38AD7E295B02B80084FA70 /* Debug */ = {
			isa = XCBuildConfiguration;
			baseConfigurationReference = D6F5BB3D29680DE800C722AA /* Config.xcconfig */;
			buildSettings = {
				ASSETCATALOG_COMPILER_APPICON_NAME = AppIcon;
				ASSETCATALOG_COMPILER_GLOBAL_ACCENT_COLOR_NAME = AccentColor;
				BASE_URL = "http://52.79.88.68:3000";
				CODE_SIGN_STYLE = Automatic;
				CURRENT_PROJECT_VERSION = 4;
				DEVELOPMENT_TEAM = Z429BM88YZ;
				GENERATE_INFOPLIST_FILE = YES;
				INFOPLIST_FILE = "KeepGoEat-iOS/Resource/Info.plist";
				INFOPLIST_KEY_UIApplicationSupportsIndirectInputEvents = YES;
				INFOPLIST_KEY_UILaunchStoryboardName = LaunchScreen.storyboard;
				INFOPLIST_KEY_UIStatusBarStyle = "";
				INFOPLIST_KEY_UISupportedInterfaceOrientations = UIInterfaceOrientationPortrait;
				INFOPLIST_KEY_UIUserInterfaceStyle = Light;
				IPHONEOS_DEPLOYMENT_TARGET = 15.0;
				LD_RUNPATH_SEARCH_PATHS = (
					"$(inherited)",
					"@executable_path/Frameworks",
				);
				MARKETING_VERSION = 1.0;
				PRODUCT_BUNDLE_IDENTIFIER = "team.keepGoEat.KeepGoEat-iOS";
				PRODUCT_NAME = "$(TARGET_NAME)";
				SUPPORTED_PLATFORMS = "iphoneos iphonesimulator";
				SUPPORTS_MACCATALYST = NO;
				SUPPORTS_MAC_DESIGNED_FOR_IPHONE_IPAD = NO;
				SWIFT_EMIT_LOC_STRINGS = YES;
				SWIFT_VERSION = 5.0;
				TARGETED_DEVICE_FAMILY = 1;
			};
			name = Debug;
		};
		DD38AD7F295B02B80084FA70 /* Release */ = {
			isa = XCBuildConfiguration;
			baseConfigurationReference = D6F5BB3D29680DE800C722AA /* Config.xcconfig */;
			buildSettings = {
				ASSETCATALOG_COMPILER_APPICON_NAME = AppIcon;
				ASSETCATALOG_COMPILER_GLOBAL_ACCENT_COLOR_NAME = AccentColor;
				BASE_URL = "http://52.79.88.68:3000";
				CODE_SIGN_STYLE = Automatic;
				CURRENT_PROJECT_VERSION = 4;
				DEVELOPMENT_TEAM = Z429BM88YZ;
				GENERATE_INFOPLIST_FILE = YES;
				INFOPLIST_FILE = "KeepGoEat-iOS/Resource/Info.plist";
				INFOPLIST_KEY_UIApplicationSupportsIndirectInputEvents = YES;
				INFOPLIST_KEY_UILaunchStoryboardName = LaunchScreen.storyboard;
				INFOPLIST_KEY_UIStatusBarStyle = "";
				INFOPLIST_KEY_UISupportedInterfaceOrientations = UIInterfaceOrientationPortrait;
				INFOPLIST_KEY_UIUserInterfaceStyle = Light;
				IPHONEOS_DEPLOYMENT_TARGET = 15.0;
				LD_RUNPATH_SEARCH_PATHS = (
					"$(inherited)",
					"@executable_path/Frameworks",
				);
				MARKETING_VERSION = 1.0;
				PRODUCT_BUNDLE_IDENTIFIER = "team.keepGoEat.KeepGoEat-iOS";
				PRODUCT_NAME = "$(TARGET_NAME)";
				SUPPORTED_PLATFORMS = "iphoneos iphonesimulator";
				SUPPORTS_MACCATALYST = NO;
				SUPPORTS_MAC_DESIGNED_FOR_IPHONE_IPAD = NO;
				SWIFT_EMIT_LOC_STRINGS = YES;
				SWIFT_VERSION = 5.0;
				TARGETED_DEVICE_FAMILY = 1;
			};
			name = Release;
		};
/* End XCBuildConfiguration section */

/* Begin XCConfigurationList section */
		DD38AD64295B02B70084FA70 /* Build configuration list for PBXProject "KeepGoEat-iOS" */ = {
			isa = XCConfigurationList;
			buildConfigurations = (
				DD38AD7B295B02B80084FA70 /* Debug */,
				DD38AD7C295B02B80084FA70 /* Release */,
			);
			defaultConfigurationIsVisible = 0;
			defaultConfigurationName = Release;
		};
		DD38AD7D295B02B80084FA70 /* Build configuration list for PBXNativeTarget "KeepGoEat-iOS" */ = {
			isa = XCConfigurationList;
			buildConfigurations = (
				DD38AD7E295B02B80084FA70 /* Debug */,
				DD38AD7F295B02B80084FA70 /* Release */,
			);
			defaultConfigurationIsVisible = 0;
			defaultConfigurationName = Release;
		};
/* End XCConfigurationList section */

/* Begin XCRemoteSwiftPackageReference section */
		DDE12FE0295B145A008CF91B /* XCRemoteSwiftPackageReference "kakao-ios-sdk" */ = {
			isa = XCRemoteSwiftPackageReference;
			repositoryURL = "https://github.com/kakao/kakao-ios-sdk";
			requirement = {
				branch = master;
				kind = branch;
			};
		};
		DDE12FE5295B1485008CF91B /* XCRemoteSwiftPackageReference "SnapKit" */ = {
			isa = XCRemoteSwiftPackageReference;
			repositoryURL = "https://github.com/SnapKit/SnapKit";
			requirement = {
				kind = upToNextMajorVersion;
				minimumVersion = 5.0.1;
			};
		};
		DDE12FE8295B14AE008CF91B /* XCRemoteSwiftPackageReference "Then" */ = {
			isa = XCRemoteSwiftPackageReference;
			repositoryURL = "https://github.com/devxoul/Then";
			requirement = {
				branch = master;
				kind = branch;
			};
		};
		DDE12FEB295B14FB008CF91B /* XCRemoteSwiftPackageReference "Moya" */ = {
			isa = XCRemoteSwiftPackageReference;
			repositoryURL = "https://github.com/Moya/Moya";
			requirement = {
				branch = master;
				kind = branch;
			};
		};
		DDE12FEE295B15AC008CF91B /* XCRemoteSwiftPackageReference "lottie-ios" */ = {
			isa = XCRemoteSwiftPackageReference;
			repositoryURL = "https://github.com/airbnb/lottie-ios.git";
			requirement = {
				kind = upToNextMajorVersion;
				minimumVersion = 4.0.0;
			};
		};
/* End XCRemoteSwiftPackageReference section */

/* Begin XCSwiftPackageProductDependency section */
		DDE12FE1295B145A008CF91B /* KakaoSDKAuth */ = {
			isa = XCSwiftPackageProductDependency;
			package = DDE12FE0295B145A008CF91B /* XCRemoteSwiftPackageReference "kakao-ios-sdk" */;
			productName = KakaoSDKAuth;
		};
		DDE12FE3295B145A008CF91B /* KakaoSDKUser */ = {
			isa = XCSwiftPackageProductDependency;
			package = DDE12FE0295B145A008CF91B /* XCRemoteSwiftPackageReference "kakao-ios-sdk" */;
			productName = KakaoSDKUser;
		};
		DDE12FE6295B1485008CF91B /* SnapKit */ = {
			isa = XCSwiftPackageProductDependency;
			package = DDE12FE5295B1485008CF91B /* XCRemoteSwiftPackageReference "SnapKit" */;
			productName = SnapKit;
		};
		DDE12FE9295B14AE008CF91B /* Then */ = {
			isa = XCSwiftPackageProductDependency;
			package = DDE12FE8295B14AE008CF91B /* XCRemoteSwiftPackageReference "Then" */;
			productName = Then;
		};
		DDE12FEC295B14FB008CF91B /* Moya */ = {
			isa = XCSwiftPackageProductDependency;
			package = DDE12FEB295B14FB008CF91B /* XCRemoteSwiftPackageReference "Moya" */;
			productName = Moya;
		};
		DDE12FEF295B15AC008CF91B /* Lottie */ = {
			isa = XCSwiftPackageProductDependency;
			package = DDE12FEE295B15AC008CF91B /* XCRemoteSwiftPackageReference "lottie-ios" */;
			productName = Lottie;
		};
/* End XCSwiftPackageProductDependency section */
	};
	rootObject = DD38AD61295B02B70084FA70 /* Project object */;
}
